
Microsoft Visual Studio Solution File, Format Version 12.00
Project("{2150E333-8FDC-42A3-9474-1A3956D46DE8}") = "src", "src", "{022B7601-76B5-42C8-9C6A-790D8C511473}"
EndProject
Project("{2150E333-8FDC-42A3-9474-1A3956D46DE8}") = "Api", "Api", "{08EF9E6A-9614-4476-B24D-4EE2BFFD006D}"
EndProject
Project("{2150E333-8FDC-42A3-9474-1A3956D46DE8}") = "Core", "Core", "{206E6237-2427-4B32-B5EA-D3CE63B5DBD3}"
EndProject
Project("{2150E333-8FDC-42A3-9474-1A3956D46DE8}") = "Infrastructure", "Infrastructure", "{505498F7-5EE2-49D5-B4E5-FD119E2068FC}"
EndProject
Project("{FAE04EC0-301F-11D3-BF4B-00C04F79EFBC}") = "FormsApp.Api", "src\FormsApp.Api\FormsApp.Api.csproj", "{563C928C-BBA0-4AC1-AC1D-8CD714596D8D}"
EndProject
Project("{FAE04EC0-301F-11D3-BF4B-00C04F79EFBC}") = "FormsApp.Application", "src\FormsApp.Application\FormsApp.Application.csproj", "{24477B1E-EBF3-4BB3-A6C1-5200F1BB8F33}"
EndProject
Project("{FAE04EC0-301F-11D3-BF4B-00C04F79EFBC}") = "FormsApp.Domain", "src\FormsApp.Domain\FormsApp.Domain.csproj", "{D3B4865A-9739-43E6-90DD-086AEAE482ED}"
EndProject
Project("{FAE04EC0-301F-11D3-BF4B-00C04F79EFBC}") = "FormsApp.Infrastructure", "src\FormsApp.Infrastructure\FormsApp.Infrastructure.csproj", "{E029A9B1-AFB6-4F08-9630-6FDD5398DDFE}"
EndProject
Global
	GlobalSection(SolutionConfigurationPlatforms) = preSolution
		Debug|Any CPU = Debug|Any CPU
		Release|Any CPU = Release|Any CPU
	EndGlobalSection
	GlobalSection(NestedProjects) = preSolution
		{08EF9E6A-9614-4476-B24D-4EE2BFFD006D} = {022B7601-76B5-42C8-9C6A-790D8C511473}
		{206E6237-2427-4B32-B5EA-D3CE63B5DBD3} = {022B7601-76B5-42C8-9C6A-790D8C511473}
		{505498F7-5EE2-49D5-B4E5-FD119E2068FC} = {022B7601-76B5-42C8-9C6A-790D8C511473}
		{563C928C-BBA0-4AC1-AC1D-8CD714596D8D} = {08EF9E6A-9614-4476-B24D-4EE2BFFD006D}
		{24477B1E-EBF3-4BB3-A6C1-5200F1BB8F33} = {206E6237-2427-4B32-B5EA-D3CE63B5DBD3}
		{D3B4865A-9739-43E6-90DD-086AEAE482ED} = {206E6237-2427-4B32-B5EA-D3CE63B5DBD3}
		{E029A9B1-AFB6-4F08-9630-6FDD5398DDFE} = {505498F7-5EE2-49D5-B4E5-FD119E2068FC}
	EndGlobalSection
	GlobalSection(ProjectConfigurationPlatforms) = postSolution
		{563C928C-BBA0-4AC1-AC1D-8CD714596D8D}.Debug|Any CPU.ActiveCfg = Debug|Any CPU
		{563C928C-BBA0-4AC1-AC1D-8CD714596D8D}.Debug|Any CPU.Build.0 = Debug|Any CPU
		{563C928C-BBA0-4AC1-AC1D-8CD714596D8D}.Release|Any CPU.ActiveCfg = Release|Any CPU
		{563C928C-BBA0-4AC1-AC1D-8CD714596D8D}.Release|Any CPU.Build.0 = Release|Any CPU
		{24477B1E-EBF3-4BB3-A6C1-5200F1BB8F33}.Debug|Any CPU.ActiveCfg = Debug|Any CPU
		{24477B1E-EBF3-4BB3-A6C1-5200F1BB8F33}.Debug|Any CPU.Build.0 = Debug|Any CPU
		{24477B1E-EBF3-4BB3-A6C1-5200F1BB8F33}.Release|Any CPU.ActiveCfg = Release|Any CPU
		{24477B1E-EBF3-4BB3-A6C1-5200F1BB8F33}.Release|Any CPU.Build.0 = Release|Any CPU
		{D3B4865A-9739-43E6-90DD-086AEAE482ED}.Debug|Any CPU.ActiveCfg = Debug|Any CPU
		{D3B4865A-9739-43E6-90DD-086AEAE482ED}.Debug|Any CPU.Build.0 = Debug|Any CPU
		{D3B4865A-9739-43E6-90DD-086AEAE482ED}.Release|Any CPU.ActiveCfg = Release|Any CPU
		{D3B4865A-9739-43E6-90DD-086AEAE482ED}.Release|Any CPU.Build.0 = Release|Any CPU
		{E029A9B1-AFB6-4F08-9630-6FDD5398DDFE}.Debug|Any CPU.ActiveCfg = Debug|Any CPU
		{E029A9B1-AFB6-4F08-9630-6FDD5398DDFE}.Debug|Any CPU.Build.0 = Debug|Any CPU
		{E029A9B1-AFB6-4F08-9630-6FDD5398DDFE}.Release|Any CPU.ActiveCfg = Release|Any CPU
		{E029A9B1-AFB6-4F08-9630-6FDD5398DDFE}.Release|Any CPU.Build.0 = Release|Any CPU
	EndGlobalSection
EndGlobal
